
Microsoft Visual Studio Solution File, Format Version 12.00
# Visual Studio Version 17
VisualStudioVersion = 17.12.35527.113 d17.12
MinimumVisualStudioVersion = 10.0.40219.1
Project("{FAE04EC0-301F-11D3-BF4B-00C04F79EFBC}") = "HorizonFutureVestApp", "HorizonFutureVestApp\HorizonFutureVestApp.csproj", "{9E17BECE-0CDF-4AD9-BAE2-025D92DCE0D3}"
EndProject
Project("{FAE04EC0-301F-11D3-BF4B-00C04F79EFBC}") = "Application", "Application\Application.csproj", "{8FF99687-2084-4F88-A738-A8A4F839E8EE}"
EndProject
Project("{FAE04EC0-301F-11D3-BF4B-00C04F79EFBC}") = "Persistence", "Persistence\Persistence.csproj", "{5ED2B5DE-6C91-44FA-920A-D667F433A18C}"
EndProject
Global
	GlobalSection(SolutionConfigurationPlatforms) = preSolution
		Debug|Any CPU = Debug|Any CPU
		Release|Any CPU = Release|Any CPU
	EndGlobalSection
	GlobalSection(ProjectConfigurationPlatforms) = postSolution
		{9E17BECE-0CDF-4AD9-BAE2-025D92DCE0D3}.Debug|Any CPU.ActiveCfg = Debug|Any CPU
		{9E17BECE-0CDF-4AD9-BAE2-025D92DCE0D3}.Debug|Any CPU.Build.0 = Debug|Any CPU
		{9E17BECE-0CDF-4AD9-BAE2-025D92DCE0D3}.Release|Any CPU.ActiveCfg = Release|Any CPU
		{9E17BECE-0CDF-4AD9-BAE2-025D92DCE0D3}.Release|Any CPU.Build.0 = Release|Any CPU
		{8FF99687-2084-4F88-A738-A8A4F839E8EE}.Debug|Any CPU.ActiveCfg = Debug|Any CPU
		{8FF99687-2084-4F88-A738-A8A4F839E8EE}.Debug|Any CPU.Build.0 = Debug|Any CPU
		{8FF99687-2084-4F88-A738-A8A4F839E8EE}.Release|Any CPU.ActiveCfg = Release|Any CPU
		{8FF99687-2084-4F88-A738-A8A4F839E8EE}.Release|Any CPU.Build.0 = Release|Any CPU
		{5ED2B5DE-6C91-44FA-920A-D667F433A18C}.Debug|Any CPU.ActiveCfg = Debug|Any CPU
		{5ED2B5DE-6C91-44FA-920A-D667F433A18C}.Debug|Any CPU.Build.0 = Debug|Any CPU
		{5ED2B5DE-6C91-44FA-920A-D667F433A18C}.Release|Any CPU.ActiveCfg = Release|Any CPU
		{5ED2B5DE-6C91-44FA-920A-D667F433A18C}.Release|Any CPU.Build.0 = Release|Any CPU
	EndGlobalSection
	GlobalSection(SolutionProperties) = preSolution
		HideSolutionNode = FALSE
	EndGlobalSection
EndGlobal
